// !$*UTF8*$!
{
	archiveVersion = 1;
	classes = {
	};
	objectVersion = 54;
	objects = {

/* Begin PBXBuildFile section */
		05047F5DDB377CFC114041FA /* SyncView.swift in Sources */ = {isa = PBXBuildFile; fileRef = 5AE99CD997EECF4A782CD3CE /* SyncView.swift */; };
		05290A935B48972B3A007FE7 /* StatusBadge.swift in Sources */ = {isa = PBXBuildFile; fileRef = 6FED65ABC8DA450C3E039A9D /* StatusBadge.swift */; };
		057E5709A3967FF5BF0C85E6 /* DependencyContainer.swift in Sources */ = {isa = PBXBuildFile; fileRef = 1405D6AD070FEE9286DCB6C3 /* DependencyContainer.swift */; };
		06085F1A9A60078832745EC7 /* Inter-SemiBold.ttf in Resources */ = {isa = PBXBuildFile; fileRef = 932AB102533618CF0ACA9D41 /* Inter-SemiBold.ttf */; };
		060FDD7F96D8BBEFCF2EDCF4 /* AudioPlayerView.swift in Sources */ = {isa = PBXBuildFile; fileRef = 544FDEC657A376C4E3220326 /* AudioPlayerView.swift */; };
		19D5089FBB717B1D09090CE7 /* BannerView.swift in Sources */ = {isa = PBXBuildFile; fileRef = 9AB32DCC0BA812E3AAD68500 /* BannerView.swift */; };
		1AC175B3DF6D6DDE462EC394 /* ShareSheet.swift in Sources */ = {isa = PBXBuildFile; fileRef = A3F722D03C7469DD14D40624 /* ShareSheet.swift */; };
		1C6F2CEF8C4182EA43C18409 /* VaultView.swift in Sources */ = {isa = PBXBuildFile; fileRef = 90E25770374AB3F6D50F165C /* VaultView.swift */; };
		1F79E7FD4DAD1CC3A5556081 /* FileRowView.swift in Sources */ = {isa = PBXBuildFile; fileRef = 71939B7BDC4D405858BC32FD /* FileRowView.swift */; };
		2117E8A767173CE1B124420A /* MediaUseCase.swift in Sources */ = {isa = PBXBuildFile; fileRef = C8CFE26E453AAFBC105D7CC3 /* MediaUseCase.swift */; };
		29D36E1FBBBE166C9DB8EFAB /* Tokens.swift in Sources */ = {isa = PBXBuildFile; fileRef = DD0B873F34381F6B0D0D1AA8 /* Tokens.swift */; };
		3D8917057CF74634E092789C /* SettingsViewModel.swift in Sources */ = {isa = PBXBuildFile; fileRef = 97F5A5D0C036810C01A18AE1 /* SettingsViewModel.swift */; };
		3F9F4ED9A2637AF0EDB34419 /* GlassCard.swift in Sources */ = {isa = PBXBuildFile; fileRef = 3A94ED37D6071656F4E9AAD7 /* GlassCard.swift */; };
		40800E65E7637F61A5095F38 /* Kingfisher in Frameworks */ = {isa = PBXBuildFile; productRef = 06F86A69E6771770D8CA1BCB /* Kingfisher */; };
		4199D064761223531010FCD5 /* Inter-Medium.ttf in Resources */ = {isa = PBXBuildFile; fileRef = 1AA6476EA92E6EC5441588F7 /* Inter-Medium.ttf */; };
		4358E594EB1D83C82EFD0CBC /* VaultUITests.swift in Sources */ = {isa = PBXBuildFile; fileRef = AB43FAE9FA2089A034A9C0EA /* VaultUITests.swift */; };
		44540F45F4716C9CBB5221E4 /* VaultUseCaseTests.swift in Sources */ = {isa = PBXBuildFile; fileRef = 7F9ED22DB70A7DDCDB1E9A3F /* VaultUseCaseTests.swift */; };
		4A5A3541B0FD25AD54983265 /* FolderContentsView.swift in Sources */ = {isa = PBXBuildFile; fileRef = 0A70C574E7FFEA19C4C8483D /* FolderContentsView.swift */; };
		4D150738FA7B9D019FB58AA4 /* Inter-SemiBold.woff2 in Resources */ = {isa = PBXBuildFile; fileRef = 91B3FEE922169ECB2D499DE3 /* Inter-SemiBold.woff2 */; };
		4F7C4B1A5C3373D762E7DE1F /* MediaRepositoryProtocol.swift in Sources */ = {isa = PBXBuildFile; fileRef = 4C1C449AE3321EED0442B143 /* MediaRepositoryProtocol.swift */; };
		54550B93DFB93F3D2C582846 /* Inter-Bold.ttf in Resources */ = {isa = PBXBuildFile; fileRef = 0B0AE46BD0D782E71024A514 /* Inter-Bold.ttf */; };
		555003635149D2383CB015BA /* MediaRepository.swift in Sources */ = {isa = PBXBuildFile; fileRef = A9E6A8536A512CB85DBA2D00 /* MediaRepository.swift */; };
		56DAC6EFD1CB4159DFA11CC0 /* GRDB in Frameworks */ = {isa = PBXBuildFile; productRef = E5A531923FF5BE8163D80705 /* GRDB */; };
		5E781A2986AD3C01DEFFD15E /* VaultFolder.swift in Sources */ = {isa = PBXBuildFile; fileRef = 6C297680759177E0F460EF87 /* VaultFolder.swift */; };
		60D60769F4031324482C931C /* ChipView.swift in Sources */ = {isa = PBXBuildFile; fileRef = 999C2CEB308423E0FA18790A /* ChipView.swift */; };
		63567BAC56CE2AAC4E8F9099 /* FolderCardView.swift in Sources */ = {isa = PBXBuildFile; fileRef = C011DF586BFB16F39B3DDA72 /* FolderCardView.swift */; };
		6686BD3BEA724C60C9AC5BDC /* AddFileSheet.swift in Sources */ = {isa = PBXBuildFile; fileRef = A44AA76CCD566F2D5548019A /* AddFileSheet.swift */; };
		6928A27276C474C145EAB6ED /* ShareUseCase.swift in Sources */ = {isa = PBXBuildFile; fileRef = F37D610D10EBD691B34F9397 /* ShareUseCase.swift */; };
		7B24C88618A1ECF8239C2BD8 /* MetadataStore.swift in Sources */ = {isa = PBXBuildFile; fileRef = 64C378CF8F3A303CBA13A213 /* MetadataStore.swift */; };
		822355F15B188CA2BDAF585E /* VideoPlayerView.swift in Sources */ = {isa = PBXBuildFile; fileRef = 7B68C4CA6AB050A68A2E9D35 /* VideoPlayerView.swift */; };
		8417B26054E8D80DF00CC308 /* SyncEngine.swift in Sources */ = {isa = PBXBuildFile; fileRef = 39677E4AD3C8B7DBFC1E1FAB /* SyncEngine.swift */; };
		8AA47253519CDD064DA2C21A /* ToggleRow.swift in Sources */ = {isa = PBXBuildFile; fileRef = F693A5D8F31A8A29034CFE33 /* ToggleRow.swift */; };
		8B0D5983AF6053C583F94C05 /* SearchResultsView.swift in Sources */ = {isa = PBXBuildFile; fileRef = 0CF6B13E1AA477336B17327B /* SearchResultsView.swift */; };
		8CE5190AA25204C1DC5D2667 /* VaultRepositoryProtocol.swift in Sources */ = {isa = PBXBuildFile; fileRef = 0AECCFE280BE5CAD5F473954 /* VaultRepositoryProtocol.swift */; };
		8E0A27D8A836843FE73BB93D /* MediaItem.swift in Sources */ = {isa = PBXBuildFile; fileRef = 55FAE5B26B445249FB545A6D /* MediaItem.swift */; };
		93C48D7CA9EB895101D4D15E /* SecureCloudApp.swift in Sources */ = {isa = PBXBuildFile; fileRef = C80F0B2866721776E11F64E7 /* SecureCloudApp.swift */; };
		A6DBC46D8F1F4C351FB27EF2 /* LockViewModel.swift in Sources */ = {isa = PBXBuildFile; fileRef = 17DDEEBEE3BE650A41108DBB /* LockViewModel.swift */; };
		AF5818BC81CECF6E2D1D5EAC /* VaultFile.swift in Sources */ = {isa = PBXBuildFile; fileRef = 081B7A5712134ED3CEBD1323 /* VaultFile.swift */; };
		B1471ACF0889EC77BADAE720 /* VaultStore.swift in Sources */ = {isa = PBXBuildFile; fileRef = 699B368007E4A59AC6DD9D4A /* VaultStore.swift */; };
		B1777918EF5CAB58E00D4373 /* EncryptionService.swift in Sources */ = {isa = PBXBuildFile; fileRef = 9090A26F912AE7FCF256DF8C /* EncryptionService.swift */; };
		B377FE04AB849B8C51386033 /* SyncStatus.swift in Sources */ = {isa = PBXBuildFile; fileRef = 3D5B9B744A8E504352F93BF8 /* SyncStatus.swift */; };
		B4D9FF49B99CCF19564E02F3 /* AppState.swift in Sources */ = {isa = PBXBuildFile; fileRef = D73691E3AE7DF1B0312CFDA2 /* AppState.swift */; };
		B58E5A40C3EDEDC0D5A3C76A /* SyncRepositoryProtocol.swift in Sources */ = {isa = PBXBuildFile; fileRef = 5502CB2FFE1264B8D53C9FFC /* SyncRepositoryProtocol.swift */; };
		B5B988B7F4E338D971EF1B21 /* NewFolderSheet.swift in Sources */ = {isa = PBXBuildFile; fileRef = 5CEDE06B44C1EC3F6C03C073 /* NewFolderSheet.swift */; };
		B5E9D63F4CB1965530BBFD5F /* NavBarModifier.swift in Sources */ = {isa = PBXBuildFile; fileRef = 76EBD97D3FC202992A87492E /* NavBarModifier.swift */; };
		BBA36B2166D04F9BCD2634C1 /* VaultRepository.swift in Sources */ = {isa = PBXBuildFile; fileRef = 461AFF96DCCDB83A34F30413 /* VaultRepository.swift */; };
		C795A6BFB916411AB947818C /* Inter-Medium.woff2 in Resources */ = {isa = PBXBuildFile; fileRef = B105B72F694469F9827DEC98 /* Inter-Medium.woff2 */; };
		C79ED60F2D5A743AECDC92C4 /* EncryptionUseCase.swift in Sources */ = {isa = PBXBuildFile; fileRef = E0F1D37F0C474127E1334C27 /* EncryptionUseCase.swift */; };
		CD263C6EB16ED23AEF6D9474 /* AddDeviceSheet.swift in Sources */ = {isa = PBXBuildFile; fileRef = 269EB28CE7EE40C919B7FD23 /* AddDeviceSheet.swift */; };
		D02B3464FBD052ECF74EFC2F /* SyncRepository.swift in Sources */ = {isa = PBXBuildFile; fileRef = C829F21D0DCC199F18F6CF41 /* SyncRepository.swift */; };
		D10C73395A13D4E2AB988BCF /* ScrubberView.swift in Sources */ = {isa = PBXBuildFile; fileRef = B804538D66DD4C184C6DD952 /* ScrubberView.swift */; };
		D1425771C3BB36AA3C618E61 /* Inter-Regular.ttf in Resources */ = {isa = PBXBuildFile; fileRef = 3B9ADE414D9C7565C80A792A /* Inter-Regular.ttf */; };
		D30CDEB1B5F8456642BF5FB6 /* SyncDevice.swift in Sources */ = {isa = PBXBuildFile; fileRef = 80D725071B33DC9A980A58ED /* SyncDevice.swift */; };
		D48E645AE1E3E99E65DEEBAE /* SyncEngineTests.swift in Sources */ = {isa = PBXBuildFile; fileRef = D49499C937292164D37D6F89 /* SyncEngineTests.swift */; };
		D5B3420B2F32A371E6CE7364 /* SheetModifier.swift in Sources */ = {isa = PBXBuildFile; fileRef = C53D2185D79045D466A93959 /* SheetModifier.swift */; };
		D8EAA401A97F9D24F0123570 /* LockView.swift in Sources */ = {isa = PBXBuildFile; fileRef = 519AE3FA8D501720A548367F /* LockView.swift */; };
		DA028F78EDC1D85D9C553A32 /* KeychainService.swift in Sources */ = {isa = PBXBuildFile; fileRef = 46B524F36ACE387F339DC6DE /* KeychainService.swift */; };
		DA83431D428DBD15C810FBA7 /* Inter-Regular.woff2 in Resources */ = {isa = PBXBuildFile; fileRef = E152DD93580DAB29CA35F63C /* Inter-Regular.woff2 */; };
		DBCDCE6E6A4BAD8ECA3C41AD /* Inter-Bold.woff2 in Resources */ = {isa = PBXBuildFile; fileRef = 0F73D480FAB9299B66124A21 /* Inter-Bold.woff2 */; };
		E557B8F42DE5BAC9E0394269 /* AudioPlayerViewModel.swift in Sources */ = {isa = PBXBuildFile; fileRef = 5A50BC36AF35ACE4DD998DF2 /* AudioPlayerViewModel.swift */; };
		E8F628A85D982C1E25F0612F /* AppCoordinator.swift in Sources */ = {isa = PBXBuildFile; fileRef = F1E384BCDC459FFD5CE3B769 /* AppCoordinator.swift */; };
		F33087A1803F39420EDB63D1 /* VaultViewModel.swift in Sources */ = {isa = PBXBuildFile; fileRef = 5408FBD7ACC4C290410CCC39 /* VaultViewModel.swift */; };
		F5D45CFF14CCEAE170D77476 /* TabBar.swift in Sources */ = {isa = PBXBuildFile; fileRef = 99B34D382C9CC4FBB3504731 /* TabBar.swift */; };
		F7FB8871C1DA42DD8835F883 /* SyncUseCase.swift in Sources */ = {isa = PBXBuildFile; fileRef = 8FE392501CC7016E7E832C51 /* SyncUseCase.swift */; };
		F9355B958EE5B4A37E6E179E /* EncryptionServiceTests.swift in Sources */ = {isa = PBXBuildFile; fileRef = 783A97E6E4E75EF30C7BC9F0 /* EncryptionServiceTests.swift */; };
		FC1898A065E7B08F1320081E /* VaultUseCase.swift in Sources */ = {isa = PBXBuildFile; fileRef = 4AE03A5B1CA0C8877BB4B100 /* VaultUseCase.swift */; };
		FC4DEFED9A9173D12AC6B3F4 /* SyncViewModel.swift in Sources */ = {isa = PBXBuildFile; fileRef = CFF58BD59FA3A92680498BA3 /* SyncViewModel.swift */; };
		FD238B9C3F72351C6D7C4C61 /* SettingsView.swift in Sources */ = {isa = PBXBuildFile; fileRef = B9217F08937AB3F4457EFAD6 /* SettingsView.swift */; };
		FDA6E923744384DD2B72C70C /* FileDetailView.swift in Sources */ = {isa = PBXBuildFile; fileRef = 76B2F5585976510744EF3547 /* FileDetailView.swift */; };
/* End PBXBuildFile section */

/* Begin PBXContainerItemProxy section */
		3C3E7E252A9E8C6CB23F6D30 /* PBXContainerItemProxy */ = {
			isa = PBXContainerItemProxy;
			containerPortal = 0C195763472DDA005DA7BDE0 /* Project object */;
			proxyType = 1;
			remoteGlobalIDString = A8D482ED34BFBE1BECCD3644;
			remoteInfo = SecureCloud;
		};
		435EFFD16931ED5A5D844084 /* PBXContainerItemProxy */ = {
			isa = PBXContainerItemProxy;
			containerPortal = 0C195763472DDA005DA7BDE0 /* Project object */;
			proxyType = 1;
			remoteGlobalIDString = A8D482ED34BFBE1BECCD3644;
			remoteInfo = SecureCloud;
		};
/* End PBXContainerItemProxy section */

/* Begin PBXFileReference section */
		081B7A5712134ED3CEBD1323 /* VaultFile.swift */ = {isa = PBXFileReference; lastKnownFileType = sourcecode.swift; path = VaultFile.swift; sourceTree = "<group>"; };
		0A70C574E7FFEA19C4C8483D /* FolderContentsView.swift */ = {isa = PBXFileReference; lastKnownFileType = sourcecode.swift; path = FolderContentsView.swift; sourceTree = "<group>"; };
		0AECCFE280BE5CAD5F473954 /* VaultRepositoryProtocol.swift */ = {isa = PBXFileReference; lastKnownFileType = sourcecode.swift; path = VaultRepositoryProtocol.swift; sourceTree = "<group>"; };
		0B0AE46BD0D782E71024A514 /* Inter-Bold.ttf */ = {isa = PBXFileReference; lastKnownFileType = file; path = "Inter-Bold.ttf"; sourceTree = "<group>"; };
		0CF6B13E1AA477336B17327B /* SearchResultsView.swift */ = {isa = PBXFileReference; lastKnownFileType = sourcecode.swift; path = SearchResultsView.swift; sourceTree = "<group>"; };
		0F73D480FAB9299B66124A21 /* Inter-Bold.woff2 */ = {isa = PBXFileReference; path = "Inter-Bold.woff2"; sourceTree = "<group>"; };
		1405D6AD070FEE9286DCB6C3 /* DependencyContainer.swift */ = {isa = PBXFileReference; lastKnownFileType = sourcecode.swift; path = DependencyContainer.swift; sourceTree = "<group>"; };
		17DDEEBEE3BE650A41108DBB /* LockViewModel.swift */ = {isa = PBXFileReference; lastKnownFileType = sourcecode.swift; path = LockViewModel.swift; sourceTree = "<group>"; };
		1AA6476EA92E6EC5441588F7 /* Inter-Medium.ttf */ = {isa = PBXFileReference; lastKnownFileType = file; path = "Inter-Medium.ttf"; sourceTree = "<group>"; };
		269EB28CE7EE40C919B7FD23 /* AddDeviceSheet.swift */ = {isa = PBXFileReference; lastKnownFileType = sourcecode.swift; path = AddDeviceSheet.swift; sourceTree = "<group>"; };
		39677E4AD3C8B7DBFC1E1FAB /* SyncEngine.swift */ = {isa = PBXFileReference; lastKnownFileType = sourcecode.swift; path = SyncEngine.swift; sourceTree = "<group>"; };
		3A94ED37D6071656F4E9AAD7 /* GlassCard.swift */ = {isa = PBXFileReference; lastKnownFileType = sourcecode.swift; path = GlassCard.swift; sourceTree = "<group>"; };
		3B9ADE414D9C7565C80A792A /* Inter-Regular.ttf */ = {isa = PBXFileReference; lastKnownFileType = file; path = "Inter-Regular.ttf"; sourceTree = "<group>"; };
		3D5B9B744A8E504352F93BF8 /* SyncStatus.swift */ = {isa = PBXFileReference; lastKnownFileType = sourcecode.swift; path = SyncStatus.swift; sourceTree = "<group>"; };
		461AFF96DCCDB83A34F30413 /* VaultRepository.swift */ = {isa = PBXFileReference; lastKnownFileType = sourcecode.swift; path = VaultRepository.swift; sourceTree = "<group>"; };
		46B524F36ACE387F339DC6DE /* KeychainService.swift */ = {isa = PBXFileReference; lastKnownFileType = sourcecode.swift; path = KeychainService.swift; sourceTree = "<group>"; };
		4AE03A5B1CA0C8877BB4B100 /* VaultUseCase.swift */ = {isa = PBXFileReference; lastKnownFileType = sourcecode.swift; path = VaultUseCase.swift; sourceTree = "<group>"; };
		4C1C449AE3321EED0442B143 /* MediaRepositoryProtocol.swift */ = {isa = PBXFileReference; lastKnownFileType = sourcecode.swift; path = MediaRepositoryProtocol.swift; sourceTree = "<group>"; };
		519AE3FA8D501720A548367F /* LockView.swift */ = {isa = PBXFileReference; lastKnownFileType = sourcecode.swift; path = LockView.swift; sourceTree = "<group>"; };
		5408FBD7ACC4C290410CCC39 /* VaultViewModel.swift */ = {isa = PBXFileReference; lastKnownFileType = sourcecode.swift; path = VaultViewModel.swift; sourceTree = "<group>"; };
		544FDEC657A376C4E3220326 /* AudioPlayerView.swift */ = {isa = PBXFileReference; lastKnownFileType = sourcecode.swift; path = AudioPlayerView.swift; sourceTree = "<group>"; };
		5502CB2FFE1264B8D53C9FFC /* SyncRepositoryProtocol.swift */ = {isa = PBXFileReference; lastKnownFileType = sourcecode.swift; path = SyncRepositoryProtocol.swift; sourceTree = "<group>"; };
		55FAE5B26B445249FB545A6D /* MediaItem.swift */ = {isa = PBXFileReference; lastKnownFileType = sourcecode.swift; path = MediaItem.swift; sourceTree = "<group>"; };
		5A50BC36AF35ACE4DD998DF2 /* AudioPlayerViewModel.swift */ = {isa = PBXFileReference; lastKnownFileType = sourcecode.swift; path = AudioPlayerViewModel.swift; sourceTree = "<group>"; };
		5AE99CD997EECF4A782CD3CE /* SyncView.swift */ = {isa = PBXFileReference; lastKnownFileType = sourcecode.swift; path = SyncView.swift; sourceTree = "<group>"; };
		5CEDE06B44C1EC3F6C03C073 /* NewFolderSheet.swift */ = {isa = PBXFileReference; lastKnownFileType = sourcecode.swift; path = NewFolderSheet.swift; sourceTree = "<group>"; };
		64C378CF8F3A303CBA13A213 /* MetadataStore.swift */ = {isa = PBXFileReference; lastKnownFileType = sourcecode.swift; path = MetadataStore.swift; sourceTree = "<group>"; };
		699B368007E4A59AC6DD9D4A /* VaultStore.swift */ = {isa = PBXFileReference; lastKnownFileType = sourcecode.swift; path = VaultStore.swift; sourceTree = "<group>"; };
		6C297680759177E0F460EF87 /* VaultFolder.swift */ = {isa = PBXFileReference; lastKnownFileType = sourcecode.swift; path = VaultFolder.swift; sourceTree = "<group>"; };
		6FED65ABC8DA450C3E039A9D /* StatusBadge.swift */ = {isa = PBXFileReference; lastKnownFileType = sourcecode.swift; path = StatusBadge.swift; sourceTree = "<group>"; };
		71939B7BDC4D405858BC32FD /* FileRowView.swift */ = {isa = PBXFileReference; lastKnownFileType = sourcecode.swift; path = FileRowView.swift; sourceTree = "<group>"; };
		76B2F5585976510744EF3547 /* FileDetailView.swift */ = {isa = PBXFileReference; lastKnownFileType = sourcecode.swift; path = FileDetailView.swift; sourceTree = "<group>"; };
		76EBD97D3FC202992A87492E /* NavBarModifier.swift */ = {isa = PBXFileReference; lastKnownFileType = sourcecode.swift; path = NavBarModifier.swift; sourceTree = "<group>"; };
		783A97E6E4E75EF30C7BC9F0 /* EncryptionServiceTests.swift */ = {isa = PBXFileReference; lastKnownFileType = sourcecode.swift; path = EncryptionServiceTests.swift; sourceTree = "<group>"; };
		7B68C4CA6AB050A68A2E9D35 /* VideoPlayerView.swift */ = {isa = PBXFileReference; lastKnownFileType = sourcecode.swift; path = VideoPlayerView.swift; sourceTree = "<group>"; };
		7F9ED22DB70A7DDCDB1E9A3F /* VaultUseCaseTests.swift */ = {isa = PBXFileReference; lastKnownFileType = sourcecode.swift; path = VaultUseCaseTests.swift; sourceTree = "<group>"; };
		80D725071B33DC9A980A58ED /* SyncDevice.swift */ = {isa = PBXFileReference; lastKnownFileType = sourcecode.swift; path = SyncDevice.swift; sourceTree = "<group>"; };
		8FE392501CC7016E7E832C51 /* SyncUseCase.swift */ = {isa = PBXFileReference; lastKnownFileType = sourcecode.swift; path = SyncUseCase.swift; sourceTree = "<group>"; };
		9090A26F912AE7FCF256DF8C /* EncryptionService.swift */ = {isa = PBXFileReference; lastKnownFileType = sourcecode.swift; path = EncryptionService.swift; sourceTree = "<group>"; };
		90E25770374AB3F6D50F165C /* VaultView.swift */ = {isa = PBXFileReference; lastKnownFileType = sourcecode.swift; path = VaultView.swift; sourceTree = "<group>"; };
		91B3FEE922169ECB2D499DE3 /* Inter-SemiBold.woff2 */ = {isa = PBXFileReference; path = "Inter-SemiBold.woff2"; sourceTree = "<group>"; };
		932AB102533618CF0ACA9D41 /* Inter-SemiBold.ttf */ = {isa = PBXFileReference; lastKnownFileType = file; path = "Inter-SemiBold.ttf"; sourceTree = "<group>"; };
		97F5A5D0C036810C01A18AE1 /* SettingsViewModel.swift */ = {isa = PBXFileReference; lastKnownFileType = sourcecode.swift; path = SettingsViewModel.swift; sourceTree = "<group>"; };
		999C2CEB308423E0FA18790A /* ChipView.swift */ = {isa = PBXFileReference; lastKnownFileType = sourcecode.swift; path = ChipView.swift; sourceTree = "<group>"; };
		99B34D382C9CC4FBB3504731 /* TabBar.swift */ = {isa = PBXFileReference; lastKnownFileType = sourcecode.swift; path = TabBar.swift; sourceTree = "<group>"; };
		9AB32DCC0BA812E3AAD68500 /* BannerView.swift */ = {isa = PBXFileReference; lastKnownFileType = sourcecode.swift; path = BannerView.swift; sourceTree = "<group>"; };
		A3F722D03C7469DD14D40624 /* ShareSheet.swift */ = {isa = PBXFileReference; lastKnownFileType = sourcecode.swift; path = ShareSheet.swift; sourceTree = "<group>"; };
		A44AA76CCD566F2D5548019A /* AddFileSheet.swift */ = {isa = PBXFileReference; lastKnownFileType = sourcecode.swift; path = AddFileSheet.swift; sourceTree = "<group>"; };
		A9E6A8536A512CB85DBA2D00 /* MediaRepository.swift */ = {isa = PBXFileReference; lastKnownFileType = sourcecode.swift; path = MediaRepository.swift; sourceTree = "<group>"; };
		AB43FAE9FA2089A034A9C0EA /* VaultUITests.swift */ = {isa = PBXFileReference; lastKnownFileType = sourcecode.swift; path = VaultUITests.swift; sourceTree = "<group>"; };
		B105B72F694469F9827DEC98 /* Inter-Medium.woff2 */ = {isa = PBXFileReference; path = "Inter-Medium.woff2"; sourceTree = "<group>"; };
		B804538D66DD4C184C6DD952 /* ScrubberView.swift */ = {isa = PBXFileReference; lastKnownFileType = sourcecode.swift; path = ScrubberView.swift; sourceTree = "<group>"; };
		B9217F08937AB3F4457EFAD6 /* SettingsView.swift */ = {isa = PBXFileReference; lastKnownFileType = sourcecode.swift; path = SettingsView.swift; sourceTree = "<group>"; };
		C011DF586BFB16F39B3DDA72 /* FolderCardView.swift */ = {isa = PBXFileReference; lastKnownFileType = sourcecode.swift; path = FolderCardView.swift; sourceTree = "<group>"; };
		C53D2185D79045D466A93959 /* SheetModifier.swift */ = {isa = PBXFileReference; lastKnownFileType = sourcecode.swift; path = SheetModifier.swift; sourceTree = "<group>"; };
		C62958C72FEC94B06958CD66 /* SecureCloud.entitlements */ = {isa = PBXFileReference; lastKnownFileType = text.plist.entitlements; path = SecureCloud.entitlements; sourceTree = "<group>"; };
		C80F0B2866721776E11F64E7 /* SecureCloudApp.swift */ = {isa = PBXFileReference; lastKnownFileType = sourcecode.swift; path = SecureCloudApp.swift; sourceTree = "<group>"; };
		C829F21D0DCC199F18F6CF41 /* SyncRepository.swift */ = {isa = PBXFileReference; lastKnownFileType = sourcecode.swift; path = SyncRepository.swift; sourceTree = "<group>"; };
		C8CFE26E453AAFBC105D7CC3 /* MediaUseCase.swift */ = {isa = PBXFileReference; lastKnownFileType = sourcecode.swift; path = MediaUseCase.swift; sourceTree = "<group>"; };
		CA65C0EC65477D08AE06A1BB /* Info.plist */ = {isa = PBXFileReference; lastKnownFileType = text.plist; path = Info.plist; sourceTree = "<group>"; };
		CFF58BD59FA3A92680498BA3 /* SyncViewModel.swift */ = {isa = PBXFileReference; lastKnownFileType = sourcecode.swift; path = SyncViewModel.swift; sourceTree = "<group>"; };
		D2A6866EBD5A7B0499A14D34 /* SecureCloudUITests.xctest */ = {isa = PBXFileReference; includeInIndex = 0; lastKnownFileType = wrapper.cfbundle; path = SecureCloudUITests.xctest; sourceTree = BUILT_PRODUCTS_DIR; };
		D49499C937292164D37D6F89 /* SyncEngineTests.swift */ = {isa = PBXFileReference; lastKnownFileType = sourcecode.swift; path = SyncEngineTests.swift; sourceTree = "<group>"; };
		D73691E3AE7DF1B0312CFDA2 /* AppState.swift */ = {isa = PBXFileReference; lastKnownFileType = sourcecode.swift; path = AppState.swift; sourceTree = "<group>"; };
		DD0B873F34381F6B0D0D1AA8 /* Tokens.swift */ = {isa = PBXFileReference; lastKnownFileType = sourcecode.swift; path = Tokens.swift; sourceTree = "<group>"; };
		DE4C78D8A63A44744FE82B6A /* SecureCloud.app */ = {isa = PBXFileReference; includeInIndex = 0; lastKnownFileType = wrapper.application; path = SecureCloud.app; sourceTree = BUILT_PRODUCTS_DIR; };
		E0F1D37F0C474127E1334C27 /* EncryptionUseCase.swift */ = {isa = PBXFileReference; lastKnownFileType = sourcecode.swift; path = EncryptionUseCase.swift; sourceTree = "<group>"; };
		E152DD93580DAB29CA35F63C /* Inter-Regular.woff2 */ = {isa = PBXFileReference; path = "Inter-Regular.woff2"; sourceTree = "<group>"; };
		E9B3F1747818359566D95F2B /* SecureCloudTests.xctest */ = {isa = PBXFileReference; includeInIndex = 0; lastKnownFileType = wrapper.cfbundle; path = SecureCloudTests.xctest; sourceTree = BUILT_PRODUCTS_DIR; };
		F1E384BCDC459FFD5CE3B769 /* AppCoordinator.swift */ = {isa = PBXFileReference; lastKnownFileType = sourcecode.swift; path = AppCoordinator.swift; sourceTree = "<group>"; };
		F37D610D10EBD691B34F9397 /* ShareUseCase.swift */ = {isa = PBXFileReference; lastKnownFileType = sourcecode.swift; path = ShareUseCase.swift; sourceTree = "<group>"; };
		F693A5D8F31A8A29034CFE33 /* ToggleRow.swift */ = {isa = PBXFileReference; lastKnownFileType = sourcecode.swift; path = ToggleRow.swift; sourceTree = "<group>"; };
/* End PBXFileReference section */

/* Begin PBXFrameworksBuildPhase section */
		A1B96B4CE1FB3D1A6B5838E0 /* Frameworks */ = {
			isa = PBXFrameworksBuildPhase;
			buildActionMask = 2147483647;
			files = (
				56DAC6EFD1CB4159DFA11CC0 /* GRDB in Frameworks */,
				40800E65E7637F61A5095F38 /* Kingfisher in Frameworks */,
			);
			runOnlyForDeploymentPostprocessing = 0;
		};
/* End PBXFrameworksBuildPhase section */

/* Begin PBXGroup section */
		0325001D1637FAC62ACDE270 /* Persistence */ = {
			isa = PBXGroup;
			children = (
				64C378CF8F3A303CBA13A213 /* MetadataStore.swift */,
				699B368007E4A59AC6DD9D4A /* VaultStore.swift */,
			);
			path = Persistence;
			sourceTree = "<group>";
		};
		05121345A30D6E579908221D /* Data */ = {
			isa = PBXGroup;
			children = (
				0325001D1637FAC62ACDE270 /* Persistence */,
				7F8F562D382341C165081B73 /* Repositories */,
				7FB72D73A44A8A1DF2F3CD03 /* Services */,
			);
			path = Data;
			sourceTree = "<group>";
		};
		1C3B96CDF9436DC6DE684029 /* Features */ = {
			isa = PBXGroup;
			children = (
				F949CCAA8907A5278904622A /* Lock */,
				92CE65D596513BE599714C5E /* Media */,
				264C6BF8A49060A8E86BDB99 /* Settings */,
				A68CB8BF725EFEEEC73D3614 /* Sheets */,
				A967C4FDF36EFBE2EC90F298 /* Sync */,
				D4DE40C23D7FEA1DB047644A /* Vault */,
			);
			path = Features;
			sourceTree = "<group>";
		};
		264C6BF8A49060A8E86BDB99 /* Settings */ = {
			isa = PBXGroup;
			children = (
				B9217F08937AB3F4457EFAD6 /* SettingsView.swift */,
				97F5A5D0C036810C01A18AE1 /* SettingsViewModel.swift */,
			);
			path = Settings;
			sourceTree = "<group>";
		};
		2C27CE20F368AD963ED97DDE = {
			isa = PBXGroup;
			children = (
				D6AA248091FA2932C7838A13 /* SecureCloud */,
				F84FCB3C2A1C7FC30D646F8A /* Products */,
			);
			sourceTree = "<group>";
		};
		3B4BC1DF1F121531017609EF /* UnitTests */ = {
			isa = PBXGroup;
			children = (
				783A97E6E4E75EF30C7BC9F0 /* EncryptionServiceTests.swift */,
				D49499C937292164D37D6F89 /* SyncEngineTests.swift */,
				7F9ED22DB70A7DDCDB1E9A3F /* VaultUseCaseTests.swift */,
			);
			path = UnitTests;
			sourceTree = "<group>";
		};
		46422E4D0F698ECA3CEF21F7 /* Repositories */ = {
			isa = PBXGroup;
			children = (
				4C1C449AE3321EED0442B143 /* MediaRepositoryProtocol.swift */,
				5502CB2FFE1264B8D53C9FFC /* SyncRepositoryProtocol.swift */,
				0AECCFE280BE5CAD5F473954 /* VaultRepositoryProtocol.swift */,
			);
			path = Repositories;
			sourceTree = "<group>";
		};
		5C7C9221A2B494EEB4F743F6 /* DesignSystem */ = {
			isa = PBXGroup;
			children = (
				3A94ED37D6071656F4E9AAD7 /* GlassCard.swift */,
				99B34D382C9CC4FBB3504731 /* TabBar.swift */,
				DD0B873F34381F6B0D0D1AA8 /* Tokens.swift */,
				D81E4E1A25D3A0A9B8FE2B1C /* Components */,
				DCD6059777E105451A0FBC66 /* Modifiers */,
			);
			path = DesignSystem;
			sourceTree = "<group>";
		};
		7F8F562D382341C165081B73 /* Repositories */ = {
			isa = PBXGroup;
			children = (
				A9E6A8536A512CB85DBA2D00 /* MediaRepository.swift */,
				C829F21D0DCC199F18F6CF41 /* SyncRepository.swift */,
				461AFF96DCCDB83A34F30413 /* VaultRepository.swift */,
			);
			path = Repositories;
			sourceTree = "<group>";
		};
		7FB72D73A44A8A1DF2F3CD03 /* Services */ = {
			isa = PBXGroup;
			children = (
				9090A26F912AE7FCF256DF8C /* EncryptionService.swift */,
				46B524F36ACE387F339DC6DE /* KeychainService.swift */,
				39677E4AD3C8B7DBFC1E1FAB /* SyncEngine.swift */,
			);
			path = Services;
			sourceTree = "<group>";
		};
		92CE65D596513BE599714C5E /* Media */ = {
			isa = PBXGroup;
			children = (
				544FDEC657A376C4E3220326 /* AudioPlayerView.swift */,
				5A50BC36AF35ACE4DD998DF2 /* AudioPlayerViewModel.swift */,
				7B68C4CA6AB050A68A2E9D35 /* VideoPlayerView.swift */,
			);
			path = Media;
			sourceTree = "<group>";
		};
		948A4C6DE1A3285C11D8848A /* Resources */ = {
			isa = PBXGroup;
			children = (
				CA65C0EC65477D08AE06A1BB /* Info.plist */,
				C62958C72FEC94B06958CD66 /* SecureCloud.entitlements */,
				DD2298E14FC6067C36F46A87 /* Fonts */,
			);
			path = Resources;
			sourceTree = "<group>";
		};
		9938A83AE3AE89C2607FFC9C /* Models */ = {
			isa = PBXGroup;
			children = (
				55FAE5B26B445249FB545A6D /* MediaItem.swift */,
				80D725071B33DC9A980A58ED /* SyncDevice.swift */,
				3D5B9B744A8E504352F93BF8 /* SyncStatus.swift */,
				081B7A5712134ED3CEBD1323 /* VaultFile.swift */,
				6C297680759177E0F460EF87 /* VaultFolder.swift */,
			);
			path = Models;
			sourceTree = "<group>";
		};
		A68CB8BF725EFEEEC73D3614 /* Sheets */ = {
			isa = PBXGroup;
			children = (
				269EB28CE7EE40C919B7FD23 /* AddDeviceSheet.swift */,
				A44AA76CCD566F2D5548019A /* AddFileSheet.swift */,
				5CEDE06B44C1EC3F6C03C073 /* NewFolderSheet.swift */,
				A3F722D03C7469DD14D40624 /* ShareSheet.swift */,
			);
			path = Sheets;
			sourceTree = "<group>";
		};
		A967C4FDF36EFBE2EC90F298 /* Sync */ = {
			isa = PBXGroup;
			children = (
				5AE99CD997EECF4A782CD3CE /* SyncView.swift */,
				CFF58BD59FA3A92680498BA3 /* SyncViewModel.swift */,
			);
			path = Sync;
			sourceTree = "<group>";
		};
		B88355B7FDD56A7906A40619 /* App */ = {
			isa = PBXGroup;
			children = (
				F1E384BCDC459FFD5CE3B769 /* AppCoordinator.swift */,
				D73691E3AE7DF1B0312CFDA2 /* AppState.swift */,
				1405D6AD070FEE9286DCB6C3 /* DependencyContainer.swift */,
			);
			path = App;
			sourceTree = "<group>";
		};
		BA2EC1B5D2258D23F36B08CE /* Tests */ = {
			isa = PBXGroup;
			children = (
				DBA80B281B4F372662DD0DAC /* UITests */,
				3B4BC1DF1F121531017609EF /* UnitTests */,
			);
			path = Tests;
			sourceTree = "<group>";
		};
		BF45B887E885D2182B350FFB /* UseCases */ = {
			isa = PBXGroup;
			children = (
				E0F1D37F0C474127E1334C27 /* EncryptionUseCase.swift */,
				C8CFE26E453AAFBC105D7CC3 /* MediaUseCase.swift */,
				F37D610D10EBD691B34F9397 /* ShareUseCase.swift */,
				8FE392501CC7016E7E832C51 /* SyncUseCase.swift */,
				4AE03A5B1CA0C8877BB4B100 /* VaultUseCase.swift */,
			);
			path = UseCases;
			sourceTree = "<group>";
		};
		D4DE40C23D7FEA1DB047644A /* Vault */ = {
			isa = PBXGroup;
			children = (
				76B2F5585976510744EF3547 /* FileDetailView.swift */,
				0A70C574E7FFEA19C4C8483D /* FolderContentsView.swift */,
				0CF6B13E1AA477336B17327B /* SearchResultsView.swift */,
				90E25770374AB3F6D50F165C /* VaultView.swift */,
				5408FBD7ACC4C290410CCC39 /* VaultViewModel.swift */,
			);
			path = Vault;
			sourceTree = "<group>";
		};
		D6AA248091FA2932C7838A13 /* SecureCloud */ = {
			isa = PBXGroup;
			children = (
				C80F0B2866721776E11F64E7 /* SecureCloudApp.swift */,
				B88355B7FDD56A7906A40619 /* App */,
				EABD6D8DFB9376F911C41A7C /* Core */,
				05121345A30D6E579908221D /* Data */,
				5C7C9221A2B494EEB4F743F6 /* DesignSystem */,
				1C3B96CDF9436DC6DE684029 /* Features */,
				948A4C6DE1A3285C11D8848A /* Resources */,
				BA2EC1B5D2258D23F36B08CE /* Tests */,
			);
			path = SecureCloud;
			sourceTree = "<group>";
		};
		D81E4E1A25D3A0A9B8FE2B1C /* Components */ = {
			isa = PBXGroup;
			children = (
				9AB32DCC0BA812E3AAD68500 /* BannerView.swift */,
				999C2CEB308423E0FA18790A /* ChipView.swift */,
				71939B7BDC4D405858BC32FD /* FileRowView.swift */,
				C011DF586BFB16F39B3DDA72 /* FolderCardView.swift */,
				B804538D66DD4C184C6DD952 /* ScrubberView.swift */,
				6FED65ABC8DA450C3E039A9D /* StatusBadge.swift */,
				F693A5D8F31A8A29034CFE33 /* ToggleRow.swift */,
			);
			path = Components;
			sourceTree = "<group>";
		};
		DBA80B281B4F372662DD0DAC /* UITests */ = {
			isa = PBXGroup;
			children = (
				AB43FAE9FA2089A034A9C0EA /* VaultUITests.swift */,
			);
			path = UITests;
			sourceTree = "<group>";
		};
		DCD6059777E105451A0FBC66 /* Modifiers */ = {
			isa = PBXGroup;
			children = (
				76EBD97D3FC202992A87492E /* NavBarModifier.swift */,
				C53D2185D79045D466A93959 /* SheetModifier.swift */,
			);
			path = Modifiers;
			sourceTree = "<group>";
		};
		DD2298E14FC6067C36F46A87 /* Fonts */ = {
			isa = PBXGroup;
			children = (
				0B0AE46BD0D782E71024A514 /* Inter-Bold.ttf */,
				0F73D480FAB9299B66124A21 /* Inter-Bold.woff2 */,
				1AA6476EA92E6EC5441588F7 /* Inter-Medium.ttf */,
				B105B72F694469F9827DEC98 /* Inter-Medium.woff2 */,
				3B9ADE414D9C7565C80A792A /* Inter-Regular.ttf */,
				E152DD93580DAB29CA35F63C /* Inter-Regular.woff2 */,
				932AB102533618CF0ACA9D41 /* Inter-SemiBold.ttf */,
				91B3FEE922169ECB2D499DE3 /* Inter-SemiBold.woff2 */,
			);
			path = Fonts;
			sourceTree = "<group>";
		};
		EABD6D8DFB9376F911C41A7C /* Core */ = {
			isa = PBXGroup;
			children = (
				9938A83AE3AE89C2607FFC9C /* Models */,
				46422E4D0F698ECA3CEF21F7 /* Repositories */,
				BF45B887E885D2182B350FFB /* UseCases */,
			);
			path = Core;
			sourceTree = "<group>";
		};
		F84FCB3C2A1C7FC30D646F8A /* Products */ = {
			isa = PBXGroup;
			children = (
				DE4C78D8A63A44744FE82B6A /* SecureCloud.app */,
				E9B3F1747818359566D95F2B /* SecureCloudTests.xctest */,
				D2A6866EBD5A7B0499A14D34 /* SecureCloudUITests.xctest */,
			);
			name = Products;
			sourceTree = "<group>";
		};
		F949CCAA8907A5278904622A /* Lock */ = {
			isa = PBXGroup;
			children = (
				519AE3FA8D501720A548367F /* LockView.swift */,
				17DDEEBEE3BE650A41108DBB /* LockViewModel.swift */,
			);
			path = Lock;
			sourceTree = "<group>";
		};
/* End PBXGroup section */

/* Begin PBXNativeTarget section */
		48806CBB355ADB45B30F6834 /* SecureCloudTests */ = {
			isa = PBXNativeTarget;
			buildConfigurationList = 4D6CCE4F77D48A1A44D9937D /* Build configuration list for PBXNativeTarget "SecureCloudTests" */;
			buildPhases = (
				FEBA0874957387C00F1E9D67 /* Sources */,
			);
			buildRules = (
			);
			dependencies = (
				6FCF3A5C0AA76E69D4722ED6 /* PBXTargetDependency */,
			);
			name = SecureCloudTests;
			productName = SecureCloudTests;
			productReference = E9B3F1747818359566D95F2B /* SecureCloudTests.xctest */;
			productType = "com.apple.product-type.bundle.unit-test";
		};
		A54BE7B4074BD2030ACEDAA4 /* SecureCloudUITests */ = {
			isa = PBXNativeTarget;
			buildConfigurationList = 901CE76EA21103D0D68D2C3C /* Build configuration list for PBXNativeTarget "SecureCloudUITests" */;
			buildPhases = (
				F3149E79422D097EC6817A72 /* Sources */,
			);
			buildRules = (
			);
			dependencies = (
				CE0F736657B067D28DE350E4 /* PBXTargetDependency */,
			);
			name = SecureCloudUITests;
			productName = SecureCloudUITests;
			productReference = D2A6866EBD5A7B0499A14D34 /* SecureCloudUITests.xctest */;
			productType = "com.apple.product-type.bundle.ui-testing";
		};
		A8D482ED34BFBE1BECCD3644 /* SecureCloud */ = {
			isa = PBXNativeTarget;
			buildConfigurationList = 1E5C8711DC480603DBE526F2 /* Build configuration list for PBXNativeTarget "SecureCloud" */;
			buildPhases = (
				DA13CE51089C5D030113346C /* Sources */,
				1ED531D6C2F9C77CD5B2342E /* Resources */,
				A1B96B4CE1FB3D1A6B5838E0 /* Frameworks */,
			);
			buildRules = (
			);
			dependencies = (
			);
			name = SecureCloud;
			packageProductDependencies = (
				E5A531923FF5BE8163D80705 /* GRDB */,
				06F86A69E6771770D8CA1BCB /* Kingfisher */,
			);
			productName = SecureCloud;
			productReference = DE4C78D8A63A44744FE82B6A /* SecureCloud.app */;
			productType = "com.apple.product-type.application";
		};
/* End PBXNativeTarget section */

/* Begin PBXProject section */
		0C195763472DDA005DA7BDE0 /* Project object */ = {
			isa = PBXProject;
			attributes = {
				BuildIndependentTargetsInParallel = YES;
				LastUpgradeCheck = 1600;
				TargetAttributes = {
					A54BE7B4074BD2030ACEDAA4 = {
						TestTargetID = A8D482ED34BFBE1BECCD3644;
					};
				};
			};
			buildConfigurationList = AFB5EC9A78FED710D82ECB78 /* Build configuration list for PBXProject "SecureCloud" */;
			compatibilityVersion = "Xcode 14.0";
			developmentRegion = en;
			hasScannedForEncodings = 0;
			knownRegions = (
				Base,
				en,
			);
			mainGroup = 2C27CE20F368AD963ED97DDE;
			packageReferences = (
				3968AF2BD14F41BBB670C108 /* XCRemoteSwiftPackageReference "GRDB.swift" */,
				25C6C0991D065F2B4B9D7F56 /* XCRemoteSwiftPackageReference "Kingfisher" */,
			);
			projectDirPath = "";
			projectRoot = "";
			targets = (
				A8D482ED34BFBE1BECCD3644 /* SecureCloud */,
				48806CBB355ADB45B30F6834 /* SecureCloudTests */,
				A54BE7B4074BD2030ACEDAA4 /* SecureCloudUITests */,
			);
		};
/* End PBXProject section */

/* Begin PBXResourcesBuildPhase section */
		1ED531D6C2F9C77CD5B2342E /* Resources */ = {
			isa = PBXResourcesBuildPhase;
			buildActionMask = 2147483647;
			files = (
				54550B93DFB93F3D2C582846 /* Inter-Bold.ttf in Resources */,
				DBCDCE6E6A4BAD8ECA3C41AD /* Inter-Bold.woff2 in Resources */,
				4199D064761223531010FCD5 /* Inter-Medium.ttf in Resources */,
				C795A6BFB916411AB947818C /* Inter-Medium.woff2 in Resources */,
				D1425771C3BB36AA3C618E61 /* Inter-Regular.ttf in Resources */,
				DA83431D428DBD15C810FBA7 /* Inter-Regular.woff2 in Resources */,
				06085F1A9A60078832745EC7 /* Inter-SemiBold.ttf in Resources */,
				4D150738FA7B9D019FB58AA4 /* Inter-SemiBold.woff2 in Resources */,
			);
			runOnlyForDeploymentPostprocessing = 0;
		};
/* End PBXResourcesBuildPhase section */

/* Begin PBXSourcesBuildPhase section */
		DA13CE51089C5D030113346C /* Sources */ = {
			isa = PBXSourcesBuildPhase;
			buildActionMask = 2147483647;
			files = (
				CD263C6EB16ED23AEF6D9474 /* AddDeviceSheet.swift in Sources */,
				6686BD3BEA724C60C9AC5BDC /* AddFileSheet.swift in Sources */,
				E8F628A85D982C1E25F0612F /* AppCoordinator.swift in Sources */,
				B4D9FF49B99CCF19564E02F3 /* AppState.swift in Sources */,
				060FDD7F96D8BBEFCF2EDCF4 /* AudioPlayerView.swift in Sources */,
				E557B8F42DE5BAC9E0394269 /* AudioPlayerViewModel.swift in Sources */,
				19D5089FBB717B1D09090CE7 /* BannerView.swift in Sources */,
				60D60769F4031324482C931C /* ChipView.swift in Sources */,
				057E5709A3967FF5BF0C85E6 /* DependencyContainer.swift in Sources */,
				B1777918EF5CAB58E00D4373 /* EncryptionService.swift in Sources */,
				C79ED60F2D5A743AECDC92C4 /* EncryptionUseCase.swift in Sources */,
				FDA6E923744384DD2B72C70C /* FileDetailView.swift in Sources */,
				1F79E7FD4DAD1CC3A5556081 /* FileRowView.swift in Sources */,
				63567BAC56CE2AAC4E8F9099 /* FolderCardView.swift in Sources */,
				4A5A3541B0FD25AD54983265 /* FolderContentsView.swift in Sources */,
				3F9F4ED9A2637AF0EDB34419 /* GlassCard.swift in Sources */,
				DA028F78EDC1D85D9C553A32 /* KeychainService.swift in Sources */,
				D8EAA401A97F9D24F0123570 /* LockView.swift in Sources */,
				A6DBC46D8F1F4C351FB27EF2 /* LockViewModel.swift in Sources */,
				8E0A27D8A836843FE73BB93D /* MediaItem.swift in Sources */,
				555003635149D2383CB015BA /* MediaRepository.swift in Sources */,
				4F7C4B1A5C3373D762E7DE1F /* MediaRepositoryProtocol.swift in Sources */,
				2117E8A767173CE1B124420A /* MediaUseCase.swift in Sources */,
				7B24C88618A1ECF8239C2BD8 /* MetadataStore.swift in Sources */,
				B5E9D63F4CB1965530BBFD5F /* NavBarModifier.swift in Sources */,
				B5B988B7F4E338D971EF1B21 /* NewFolderSheet.swift in Sources */,
				D10C73395A13D4E2AB988BCF /* ScrubberView.swift in Sources */,
				8B0D5983AF6053C583F94C05 /* SearchResultsView.swift in Sources */,
				93C48D7CA9EB895101D4D15E /* SecureCloudApp.swift in Sources */,
				FD238B9C3F72351C6D7C4C61 /* SettingsView.swift in Sources */,
				3D8917057CF74634E092789C /* SettingsViewModel.swift in Sources */,
				1AC175B3DF6D6DDE462EC394 /* ShareSheet.swift in Sources */,
				6928A27276C474C145EAB6ED /* ShareUseCase.swift in Sources */,
				D5B3420B2F32A371E6CE7364 /* SheetModifier.swift in Sources */,
				05290A935B48972B3A007FE7 /* StatusBadge.swift in Sources */,
				D30CDEB1B5F8456642BF5FB6 /* SyncDevice.swift in Sources */,
				8417B26054E8D80DF00CC308 /* SyncEngine.swift in Sources */,
				D02B3464FBD052ECF74EFC2F /* SyncRepository.swift in Sources */,
				B58E5A40C3EDEDC0D5A3C76A /* SyncRepositoryProtocol.swift in Sources */,
				B377FE04AB849B8C51386033 /* SyncStatus.swift in Sources */,
				F7FB8871C1DA42DD8835F883 /* SyncUseCase.swift in Sources */,
				05047F5DDB377CFC114041FA /* SyncView.swift in Sources */,
				FC4DEFED9A9173D12AC6B3F4 /* SyncViewModel.swift in Sources */,
				F5D45CFF14CCEAE170D77476 /* TabBar.swift in Sources */,
				8AA47253519CDD064DA2C21A /* ToggleRow.swift in Sources */,
				29D36E1FBBBE166C9DB8EFAB /* Tokens.swift in Sources */,
				AF5818BC81CECF6E2D1D5EAC /* VaultFile.swift in Sources */,
				5E781A2986AD3C01DEFFD15E /* VaultFolder.swift in Sources */,
				BBA36B2166D04F9BCD2634C1 /* VaultRepository.swift in Sources */,
				8CE5190AA25204C1DC5D2667 /* VaultRepositoryProtocol.swift in Sources */,
				B1471ACF0889EC77BADAE720 /* VaultStore.swift in Sources */,
				FC1898A065E7B08F1320081E /* VaultUseCase.swift in Sources */,
				1C6F2CEF8C4182EA43C18409 /* VaultView.swift in Sources */,
				F33087A1803F39420EDB63D1 /* VaultViewModel.swift in Sources */,
				822355F15B188CA2BDAF585E /* VideoPlayerView.swift in Sources */,
			);
			runOnlyForDeploymentPostprocessing = 0;
		};
		F3149E79422D097EC6817A72 /* Sources */ = {
			isa = PBXSourcesBuildPhase;
			buildActionMask = 2147483647;
			files = (
				4358E594EB1D83C82EFD0CBC /* VaultUITests.swift in Sources */,
			);
			runOnlyForDeploymentPostprocessing = 0;
		};
		FEBA0874957387C00F1E9D67 /* Sources */ = {
			isa = PBXSourcesBuildPhase;
			buildActionMask = 2147483647;
			files = (
				F9355B958EE5B4A37E6E179E /* EncryptionServiceTests.swift in Sources */,
				D48E645AE1E3E99E65DEEBAE /* SyncEngineTests.swift in Sources */,
				44540F45F4716C9CBB5221E4 /* VaultUseCaseTests.swift in Sources */,
			);
			runOnlyForDeploymentPostprocessing = 0;
		};
/* End PBXSourcesBuildPhase section */

/* Begin PBXTargetDependency section */
		6FCF3A5C0AA76E69D4722ED6 /* PBXTargetDependency */ = {
			isa = PBXTargetDependency;
			target = A8D482ED34BFBE1BECCD3644 /* SecureCloud */;
			targetProxy = 3C3E7E252A9E8C6CB23F6D30 /* PBXContainerItemProxy */;
		};
		CE0F736657B067D28DE350E4 /* PBXTargetDependency */ = {
			isa = PBXTargetDependency;
			target = A8D482ED34BFBE1BECCD3644 /* SecureCloud */;
			targetProxy = 435EFFD16931ED5A5D844084 /* PBXContainerItemProxy */;
		};
/* End PBXTargetDependency section */

/* Begin XCBuildConfiguration section */
		043AD0167BBE47D8B7B8B299 /* Release */ = {
			isa = XCBuildConfiguration;
			buildSettings = {
				BUNDLE_LOADER = "$(TEST_HOST)";
				LD_RUNPATH_SEARCH_PATHS = (
					"$(inherited)",
					"@executable_path/Frameworks",
					"@loader_path/Frameworks",
				);
				PRODUCT_BUNDLE_IDENTIFIER = com.securecloud.SecureCloudUITests;
				SDKROOT = iphoneos;
				TARGETED_DEVICE_FAMILY = "1,2";
				TEST_TARGET_NAME = SecureCloud;
			};
			name = Release;
		};
		28C088C28201A4B27D76EEB1 /* Release */ = {
			isa = XCBuildConfiguration;
			buildSettings = {
				BUNDLE_LOADER = "$(TEST_HOST)";
				LD_RUNPATH_SEARCH_PATHS = (
					"$(inherited)",
					"@executable_path/Frameworks",
					"@loader_path/Frameworks",
				);
				PRODUCT_BUNDLE_IDENTIFIER = com.securecloud.SecureCloudTests;
				SDKROOT = iphoneos;
				TARGETED_DEVICE_FAMILY = "1,2";
				TEST_HOST = "$(BUILT_PRODUCTS_DIR)/SecureCloud.app/$(BUNDLE_EXECUTABLE_FOLDER_PATH)/SecureCloud";
			};
			name = Release;
		};
		32573A4A5C4218ACE8CA9567 /* Debug */ = {
			isa = XCBuildConfiguration;
			buildSettings = {
				BUNDLE_LOADER = "$(TEST_HOST)";
				LD_RUNPATH_SEARCH_PATHS = (
					"$(inherited)",
					"@executable_path/Frameworks",
					"@loader_path/Frameworks",
				);
				PRODUCT_BUNDLE_IDENTIFIER = com.securecloud.SecureCloudTests;
				SDKROOT = iphoneos;
				TARGETED_DEVICE_FAMILY = "1,2";
				TEST_HOST = "$(BUILT_PRODUCTS_DIR)/SecureCloud.app/$(BUNDLE_EXECUTABLE_FOLDER_PATH)/SecureCloud";
			};
			name = Debug;
		};
		6291EFC6355BD4273743D784 /* Debug */ = {
			isa = XCBuildConfiguration;
			buildSettings = {
				ASSETCATALOG_COMPILER_APPICON_NAME = AppIcon;
				CODE_SIGN_ENTITLEMENTS = SecureCloud/Resources/SecureCloud.entitlements;
				CODE_SIGN_IDENTITY = "iPhone Developer";
				INFOPLIST_FILE = SecureCloud/Resources/Info.plist;
				LD_RUNPATH_SEARCH_PATHS = (
					"$(inherited)",
					"@executable_path/Frameworks",
				);
				PRODUCT_BUNDLE_IDENTIFIER = com.securecloud.SecureCloud;
				SDKROOT = iphoneos;
				TARGETED_DEVICE_FAMILY = "1,2";
			};
			name = Debug;
		};
		81ED22E0448D49E16DB2043B /* Release */ = {
			isa = XCBuildConfiguration;
			buildSettings = {
				ALWAYS_EMBED_SWIFT_STANDARD_LIBRARIES = YES;
				ALWAYS_SEARCH_USER_PATHS = NO;
				ASSETCATALOG_COMPILER_APPICON_NAME = AppIcon;
				CLANG_ANALYZER_NONNULL = YES;
				CLANG_ANALYZER_NUMBER_OBJECT_CONVERSION = YES_AGGRESSIVE;
				CLANG_CXX_LANGUAGE_STANDARD = "gnu++14";
				CLANG_CXX_LIBRARY = "libc++";
				CLANG_ENABLE_MODULES = YES;
				CLANG_ENABLE_OBJC_ARC = YES;
				CLANG_ENABLE_OBJC_WEAK = YES;
				CLANG_WARN_BLOCK_CAPTURE_AUTORELEASING = YES;
				CLANG_WARN_BOOL_CONVERSION = YES;
				CLANG_WARN_COMMA = YES;
				CLANG_WARN_CONSTANT_CONVERSION = YES;
				CLANG_WARN_DEPRECATED_OBJC_IMPLEMENTATIONS = YES;
				CLANG_WARN_DIRECT_OBJC_ISA_USAGE = YES_ERROR;
				CLANG_WARN_DOCUMENTATION_COMMENTS = YES;
				CLANG_WARN_EMPTY_BODY = YES;
				CLANG_WARN_ENUM_CONVERSION = YES;
				CLANG_WARN_INFINITE_RECURSION = YES;
				CLANG_WARN_INT_CONVERSION = YES;
				CLANG_WARN_NON_LITERAL_NULL_CONVERSION = YES;
				CLANG_WARN_OBJC_IMPLICIT_RETAIN_SELF = YES;
				CLANG_WARN_OBJC_LITERAL_CONVERSION = YES;
				CLANG_WARN_OBJC_ROOT_CLASS = YES_ERROR;
				CLANG_WARN_QUOTED_INCLUDE_IN_FRAMEWORK_HEADER = YES;
				CLANG_WARN_RANGE_LOOP_ANALYSIS = YES;
				CLANG_WARN_STRICT_PROTOTYPES = YES;
				CLANG_WARN_SUSPICIOUS_MOVE = YES;
				CLANG_WARN_UNGUARDED_AVAILABILITY = YES_AGGRESSIVE;
				CLANG_WARN_UNREACHABLE_CODE = YES;
				CLANG_WARN__DUPLICATE_METHOD_MATCH = YES;
				CODE_SIGN_ENTITLEMENTS = SecureCloud/Resources/SecureCloud.entitlements;
				COPY_PHASE_STRIP = NO;
				CURRENT_PROJECT_VERSION = 1;
				DEBUG_INFORMATION_FORMAT = "dwarf-with-dsym";
				ENABLE_NS_ASSERTIONS = NO;
				ENABLE_PREVIEWS = YES;
				ENABLE_STRICT_OBJC_MSGSEND = YES;
				GCC_C_LANGUAGE_STANDARD = gnu11;
				GCC_NO_COMMON_BLOCKS = YES;
				GCC_WARN_64_TO_32_BIT_CONVERSION = YES;
				GCC_WARN_ABOUT_RETURN_TYPE = YES_ERROR;
				GCC_WARN_UNDECLARED_SELECTOR = YES;
				GCC_WARN_UNINITIALIZED_AUTOS = YES_AGGRESSIVE;
				GCC_WARN_UNUSED_FUNCTION = YES;
				GCC_WARN_UNUSED_VARIABLE = YES;
				INFOPLIST_FILE = SecureCloud/Resources/Info.plist;
				IPHONEOS_DEPLOYMENT_TARGET = 17.0;
				MARKETING_VERSION = 1.0.0;
				MTL_ENABLE_DEBUG_INFO = NO;
				MTL_FAST_MATH = YES;
				PRODUCT_NAME = SecureCloud;
				SDKROOT = iphoneos;
				SWIFT_COMPILATION_MODE = wholemodule;
				SWIFT_EMIT_LOC_STRINGS = YES;
				SWIFT_OPTIMIZATION_LEVEL = "-O";
				SWIFT_STRICT_CONCURRENCY = complete;
				SWIFT_VERSION = 5.1;
				TARGETED_DEVICE_FAMILY = 1;
			};
			name = Release;
		};
		88989D84BA8A7DFC5CD1F6EE /* Debug */ = {
			isa = XCBuildConfiguration;
			buildSettings = {
				ALWAYS_EMBED_SWIFT_STANDARD_LIBRARIES = YES;
				ALWAYS_SEARCH_USER_PATHS = NO;
				ASSETCATALOG_COMPILER_APPICON_NAME = AppIcon;
				CLANG_ANALYZER_NONNULL = YES;
				CLANG_ANALYZER_NUMBER_OBJECT_CONVERSION = YES_AGGRESSIVE;
				CLANG_CXX_LANGUAGE_STANDARD = "gnu++14";
				CLANG_CXX_LIBRARY = "libc++";
				CLANG_ENABLE_MODULES = YES;
				CLANG_ENABLE_OBJC_ARC = YES;
				CLANG_ENABLE_OBJC_WEAK = YES;
				CLANG_WARN_BLOCK_CAPTURE_AUTORELEASING = YES;
				CLANG_WARN_BOOL_CONVERSION = YES;
				CLANG_WARN_COMMA = YES;
				CLANG_WARN_CONSTANT_CONVERSION = YES;
				CLANG_WARN_DEPRECATED_OBJC_IMPLEMENTATIONS = YES;
				CLANG_WARN_DIRECT_OBJC_ISA_USAGE = YES_ERROR;
				CLANG_WARN_DOCUMENTATION_COMMENTS = YES;
				CLANG_WARN_EMPTY_BODY = YES;
				CLANG_WARN_ENUM_CONVERSION = YES;
				CLANG_WARN_INFINITE_RECURSION = YES;
				CLANG_WARN_INT_CONVERSION = YES;
				CLANG_WARN_NON_LITERAL_NULL_CONVERSION = YES;
				CLANG_WARN_OBJC_IMPLICIT_RETAIN_SELF = YES;
				CLANG_WARN_OBJC_LITERAL_CONVERSION = YES;
				CLANG_WARN_OBJC_ROOT_CLASS = YES_ERROR;
				CLANG_WARN_QUOTED_INCLUDE_IN_FRAMEWORK_HEADER = YES;
				CLANG_WARN_RANGE_LOOP_ANALYSIS = YES;
				CLANG_WARN_STRICT_PROTOTYPES = YES;
				CLANG_WARN_SUSPICIOUS_MOVE = YES;
				CLANG_WARN_UNGUARDED_AVAILABILITY = YES_AGGRESSIVE;
				CLANG_WARN_UNREACHABLE_CODE = YES;
				CLANG_WARN__DUPLICATE_METHOD_MATCH = YES;
				CODE_SIGN_ENTITLEMENTS = SecureCloud/Resources/SecureCloud.entitlements;
				COPY_PHASE_STRIP = NO;
				CURRENT_PROJECT_VERSION = 1;
				DEBUG_INFORMATION_FORMAT = dwarf;
				ENABLE_PREVIEWS = YES;
				ENABLE_STRICT_OBJC_MSGSEND = YES;
				ENABLE_TESTABILITY = YES;
				GCC_C_LANGUAGE_STANDARD = gnu11;
				GCC_DYNAMIC_NO_PIC = NO;
				GCC_NO_COMMON_BLOCKS = YES;
				GCC_OPTIMIZATION_LEVEL = 0;
				GCC_PREPROCESSOR_DEFINITIONS = (
					"$(inherited)",
					"DEBUG=1",
				);
				GCC_WARN_64_TO_32_BIT_CONVERSION = YES;
				GCC_WARN_ABOUT_RETURN_TYPE = YES_ERROR;
				GCC_WARN_UNDECLARED_SELECTOR = YES;
				GCC_WARN_UNINITIALIZED_AUTOS = YES_AGGRESSIVE;
				GCC_WARN_UNUSED_FUNCTION = YES;
				GCC_WARN_UNUSED_VARIABLE = YES;
				INFOPLIST_FILE = SecureCloud/Resources/Info.plist;
				IPHONEOS_DEPLOYMENT_TARGET = 17.0;
				MARKETING_VERSION = 1.0.0;
				MTL_ENABLE_DEBUG_INFO = INCLUDE_SOURCE;
				MTL_FAST_MATH = YES;
				ONLY_ACTIVE_ARCH = YES;
				PRODUCT_NAME = SecureCloud;
				SDKROOT = iphoneos;
				SWIFT_ACTIVE_COMPILATION_CONDITIONS = DEBUG;
				SWIFT_EMIT_LOC_STRINGS = YES;
				SWIFT_OPTIMIZATION_LEVEL = "-Onone";
				SWIFT_STRICT_CONCURRENCY = complete;
				SWIFT_VERSION = 5.1;
				TARGETED_DEVICE_FAMILY = 1;
			};
			name = Debug;
		};
		95219087263AAFAD4E8FC1BA /* Release */ = {
			isa = XCBuildConfiguration;
			buildSettings = {
				ASSETCATALOG_COMPILER_APPICON_NAME = AppIcon;
				CODE_SIGN_ENTITLEMENTS = SecureCloud/Resources/SecureCloud.entitlements;
				CODE_SIGN_IDENTITY = "iPhone Developer";
				INFOPLIST_FILE = SecureCloud/Resources/Info.plist;
				LD_RUNPATH_SEARCH_PATHS = (
					"$(inherited)",
					"@executable_path/Frameworks",
				);
				PRODUCT_BUNDLE_IDENTIFIER = com.securecloud.SecureCloud;
				SDKROOT = iphoneos;
				TARGETED_DEVICE_FAMILY = "1,2";
			};
			name = Release;
		};
		F9F4F98F705F220F17B84098 /* Debug */ = {
			isa = XCBuildConfiguration;
			buildSettings = {
				BUNDLE_LOADER = "$(TEST_HOST)";
				LD_RUNPATH_SEARCH_PATHS = (
					"$(inherited)",
					"@executable_path/Frameworks",
					"@loader_path/Frameworks",
				);
				PRODUCT_BUNDLE_IDENTIFIER = com.securecloud.SecureCloudUITests;
				SDKROOT = iphoneos;
				TARGETED_DEVICE_FAMILY = "1,2";
				TEST_TARGET_NAME = SecureCloud;
			};
			name = Debug;
		};
/* End XCBuildConfiguration section */

/* Begin XCConfigurationList section */
		1E5C8711DC480603DBE526F2 /* Build configuration list for PBXNativeTarget "SecureCloud" */ = {
			isa = XCConfigurationList;
			buildConfigurations = (
				6291EFC6355BD4273743D784 /* Debug */,
				95219087263AAFAD4E8FC1BA /* Release */,
			);
			defaultConfigurationIsVisible = 0;
			defaultConfigurationName = Debug;
		};
		4D6CCE4F77D48A1A44D9937D /* Build configuration list for PBXNativeTarget "SecureCloudTests" */ = {
			isa = XCConfigurationList;
			buildConfigurations = (
				32573A4A5C4218ACE8CA9567 /* Debug */,
				28C088C28201A4B27D76EEB1 /* Release */,
			);
			defaultConfigurationIsVisible = 0;
			defaultConfigurationName = Debug;
		};
		901CE76EA21103D0D68D2C3C /* Build configuration list for PBXNativeTarget "SecureCloudUITests" */ = {
			isa = XCConfigurationList;
			buildConfigurations = (
				F9F4F98F705F220F17B84098 /* Debug */,
				043AD0167BBE47D8B7B8B299 /* Release */,
			);
			defaultConfigurationIsVisible = 0;
			defaultConfigurationName = Debug;
		};
		AFB5EC9A78FED710D82ECB78 /* Build configuration list for PBXProject "SecureCloud" */ = {
			isa = XCConfigurationList;
			buildConfigurations = (
				88989D84BA8A7DFC5CD1F6EE /* Debug */,
				81ED22E0448D49E16DB2043B /* Release */,
			);
			defaultConfigurationIsVisible = 0;
			defaultConfigurationName = Debug;
		};
/* End XCConfigurationList section */

/* Begin XCRemoteSwiftPackageReference section */
		25C6C0991D065F2B4B9D7F56 /* XCRemoteSwiftPackageReference "Kingfisher" */ = {
			isa = XCRemoteSwiftPackageReference;
			repositoryURL = "https://github.com/onevcat/Kingfisher.git";
			requirement = {
				kind = upToNextMajorVersion;
				minimumVersion = 7.10.0;
			};
		};
		3968AF2BD14F41BBB670C108 /* XCRemoteSwiftPackageReference "GRDB.swift" */ = {
			isa = XCRemoteSwiftPackageReference;
			repositoryURL = "https://github.com/groue/GRDB.swift.git";
			requirement = {
				kind = upToNextMajorVersion;
				minimumVersion = 6.0.0;
			};
		};
/* End XCRemoteSwiftPackageReference section */

/* Begin XCSwiftPackageProductDependency section */
		06F86A69E6771770D8CA1BCB /* Kingfisher */ = {
			isa = XCSwiftPackageProductDependency;
			package = 25C6C0991D065F2B4B9D7F56 /* XCRemoteSwiftPackageReference "Kingfisher" */;
			productName = Kingfisher;
		};
		E5A531923FF5BE8163D80705 /* GRDB */ = {
			isa = XCSwiftPackageProductDependency;
			package = 3968AF2BD14F41BBB670C108 /* XCRemoteSwiftPackageReference "GRDB.swift" */;
			productName = GRDB;
		};
/* End XCSwiftPackageProductDependency section */
	};
	rootObject = 0C195763472DDA005DA7BDE0 /* Project object */;
}
